
Microsoft Visual Studio Solution File, Format Version 12.00
# Visual Studio Version 16
VisualStudioVersion = 16.0.31729.503
MinimumVisualStudioVersion = 10.0.40219.1
Project("{FAE04EC0-301F-11D3-BF4B-00C04F79EFBC}") = "B_FileExcelSave", "B_FileExcelSave\B_FileExcelSave.csproj", "{489A0253-E470-4376-9FB7-AC351A50BACE}"
EndProject
Global
	GlobalSection(SolutionConfigurationPlatforms) = preSolution
		Debug|Any CPU = Debug|Any CPU
		Release|Any CPU = Release|Any CPU
	EndGlobalSection
	GlobalSection(ProjectConfigurationPlatforms) = postSolution
		{489A0253-E470-4376-9FB7-AC351A50BACE}.Debug|Any CPU.ActiveCfg = Debug|Any CPU
		{489A0253-E470-4376-9FB7-AC351A50BACE}.Debug|Any CPU.Build.0 = Debug|Any CPU
		{489A0253-E470-4376-9FB7-AC351A50BACE}.Release|Any CPU.ActiveCfg = Release|Any CPU
		{489A0253-E470-4376-9FB7-AC351A50BACE}.Release|Any CPU.Build.0 = Release|Any CPU
	EndGlobalSection
	GlobalSection(SolutionProperties) = preSolution
		HideSolutionNode = FALSE
	EndGlobalSection
	GlobalSection(ExtensibilityGlobals) = postSolution
		SolutionGuid = {44013D08-E968-4BA6-A35A-031A7F61F6D1}
	EndGlobalSection
EndGlobal
