
Microsoft Visual Studio Solution File, Format Version 12.00
# Visual Studio Version 16
VisualStudioVersion = 16.0.31702.278
MinimumVisualStudioVersion = 10.0.40219.1
Project("{FAE04EC0-301F-11D3-BF4B-00C04F79EFBC}") = "B_TrayMsg", "B_TrayMsg\B_TrayMsg.csproj", "{2CD7311F-0744-46E9-BD8D-4F1837B1E325}"
EndProject
Global
	GlobalSection(SolutionConfigurationPlatforms) = preSolution
		Debug|Any CPU = Debug|Any CPU
		Release|Any CPU = Release|Any CPU
	EndGlobalSection
	GlobalSection(ProjectConfigurationPlatforms) = postSolution
		{2CD7311F-0744-46E9-BD8D-4F1837B1E325}.Debug|Any CPU.ActiveCfg = Debug|Any CPU
		{2CD7311F-0744-46E9-BD8D-4F1837B1E325}.Debug|Any CPU.Build.0 = Debug|Any CPU
		{2CD7311F-0744-46E9-BD8D-4F1837B1E325}.Release|Any CPU.ActiveCfg = Release|Any CPU
		{2CD7311F-0744-46E9-BD8D-4F1837B1E325}.Release|Any CPU.Build.0 = Release|Any CPU
	EndGlobalSection
	GlobalSection(SolutionProperties) = preSolution
		HideSolutionNode = FALSE
	EndGlobalSection
	GlobalSection(ExtensibilityGlobals) = postSolution
		SolutionGuid = {6901E7AF-F06D-4171-B789-175EEC2AB2E3}
	EndGlobalSection
EndGlobal
