
Microsoft Visual Studio Solution File, Format Version 12.00
# Visual Studio Version 16
VisualStudioVersion = 16.0.31025.194
MinimumVisualStudioVersion = 10.0.40219.1
Project("{FAE04EC0-301F-11D3-BF4B-00C04F79EFBC}") = "LibraryManager", "LibraryManager\LibraryManager.csproj", "{D715C151-9096-4166-9B64-975DE8C7D148}"
EndProject
Global
	GlobalSection(SolutionConfigurationPlatforms) = preSolution
		Debug|Any CPU = Debug|Any CPU
		Release|Any CPU = Release|Any CPU
	EndGlobalSection
	GlobalSection(ProjectConfigurationPlatforms) = postSolution
		{D715C151-9096-4166-9B64-975DE8C7D148}.Debug|Any CPU.ActiveCfg = Debug|Any CPU
		{D715C151-9096-4166-9B64-975DE8C7D148}.Debug|Any CPU.Build.0 = Debug|Any CPU
		{D715C151-9096-4166-9B64-975DE8C7D148}.Release|Any CPU.ActiveCfg = Release|Any CPU
		{D715C151-9096-4166-9B64-975DE8C7D148}.Release|Any CPU.Build.0 = Release|Any CPU
	EndGlobalSection
	GlobalSection(SolutionProperties) = preSolution
		HideSolutionNode = FALSE
	EndGlobalSection
	GlobalSection(ExtensibilityGlobals) = postSolution
		SolutionGuid = {B89ED990-4A7F-4339-9C87-2A1614B12410}
	EndGlobalSection
EndGlobal
